
Microsoft Visual Studio Solution File, Format Version 12.00
# Visual Studio Version 16
VisualStudioVersion = 16.0.30907.101
MinimumVisualStudioVersion = 10.0.40219.1
Project("{FAE04EC0-301F-11D3-BF4B-00C04F79EFBC}") = "UserDetailsFormsApp", "UserDetailsFormsApp.csproj", "{6C2AD184-56A3-4FF1-8E62-8F4565E4F01C}"
EndProject
Global
	GlobalSection(SolutionConfigurationPlatforms) = preSolution
		Debug|Any CPU = Debug|Any CPU
		Release|Any CPU = Release|Any CPU
	EndGlobalSection
	GlobalSection(ProjectConfigurationPlatforms) = postSolution
		{6C2AD184-56A3-4FF1-8E62-8F4565E4F01C}.Debug|Any CPU.ActiveCfg = Debug|Any CPU
		{6C2AD184-56A3-4FF1-8E62-8F4565E4F01C}.Debug|Any CPU.Build.0 = Debug|Any CPU
		{6C2AD184-56A3-4FF1-8E62-8F4565E4F01C}.Release|Any CPU.ActiveCfg = Release|Any CPU
		{6C2AD184-56A3-4FF1-8E62-8F4565E4F01C}.Release|Any CPU.Build.0 = Release|Any CPU
	EndGlobalSection
	GlobalSection(SolutionProperties) = preSolution
		HideSolutionNode = FALSE
	EndGlobalSection
	GlobalSection(ExtensibilityGlobals) = postSolution
		SolutionGuid = {E4D1704C-2495-4B5D-8166-B3E3175F2E23}
	EndGlobalSection
EndGlobal
